
Microsoft Visual Studio Solution File, Format Version 12.00
# Visual Studio Version 17
VisualStudioVersion = 17.5.33516.290
MinimumVisualStudioVersion = 10.0.40219.1
Project("{9A19103F-16F7-4668-BE54-9A1E7A4F7556}") = "QuoteGenius-Server", "QuoteGenius-Server.csproj", "{FCC17D78-9D69-4793-862B-88FB6826A7A3}"
EndProject
Project("{FAE04EC0-301F-11D3-BF4B-00C04F79EFBC}") = "QuoteModel", "..\QuoteModel\QuoteModel.csproj", "{39BDDB5F-0572-478D-9EBA-E62E3ACE7719}"
EndProject
Global
	GlobalSection(SolutionConfigurationPlatforms) = preSolution
		Debug|Any CPU = Debug|Any CPU
		Release|Any CPU = Release|Any CPU
	EndGlobalSection
	GlobalSection(ProjectConfigurationPlatforms) = postSolution
		{FCC17D78-9D69-4793-862B-88FB6826A7A3}.Debug|Any CPU.ActiveCfg = Debug|Any CPU
		{FCC17D78-9D69-4793-862B-88FB6826A7A3}.Debug|Any CPU.Build.0 = Debug|Any CPU
		{FCC17D78-9D69-4793-862B-88FB6826A7A3}.Release|Any CPU.ActiveCfg = Release|Any CPU
		{FCC17D78-9D69-4793-862B-88FB6826A7A3}.Release|Any CPU.Build.0 = Release|Any CPU
		{39BDDB5F-0572-478D-9EBA-E62E3ACE7719}.Debug|Any CPU.ActiveCfg = Debug|Any CPU
		{39BDDB5F-0572-478D-9EBA-E62E3ACE7719}.Debug|Any CPU.Build.0 = Debug|Any CPU
		{39BDDB5F-0572-478D-9EBA-E62E3ACE7719}.Release|Any CPU.ActiveCfg = Release|Any CPU
		{39BDDB5F-0572-478D-9EBA-E62E3ACE7719}.Release|Any CPU.Build.0 = Release|Any CPU
	EndGlobalSection
	GlobalSection(SolutionProperties) = preSolution
		HideSolutionNode = FALSE
	EndGlobalSection
	GlobalSection(ExtensibilityGlobals) = postSolution
		SolutionGuid = {483E4E0A-4A5E-43C9-A1E5-79CFD648DA12}
	EndGlobalSection
EndGlobal
